{
  "name": "ws20-devops-calc",
  "version": "1.0.0",
  "lockfileVersion": 1,
  "requires": true,
  "dependencies": {
    "colors": {
      "version": "1.4.0",
      "resolved": "https://registry.npmjs.org/colors/-/colors-1.4.0.tgz",
      "integrity": "sha512-a+UqTh4kgZg/SlGvfbzDHpgRu7AAQOmmqRHJnxhRZICKFUT91brVhNNt58CMWU9PsBbv3PDCZUHbVxuDiH2mtA=="
    },
    "ws20-devops-calc-addition": {
      "version": "github:dwdab/ws20-devops-calc-addition#7bd34b67f986fa319cc1078002ed36097a3bba1c",
      "from": "github:dwdab/ws20-devops-calc-addition#1.0.0"

    },
    "ws20-devops-calc-power": {
      "version": "github:Qubus0/ws20-devops-calc-power#47d084c2678fdedf790a23d66641c538b3cf245b",
      "from": "github:Qubus0/ws20-devops-calc-power"
    }
  }
}
